
Microsoft Visual Studio Solution File, Format Version 12.00
# Visual Studio Version 16
VisualStudioVersion = 16.0.31321.278
MinimumVisualStudioVersion = 10.0.40219.1
Project("{E24C65DC-7377-472B-9ABA-BC803B73C61A}") = "SellingToCustomer", ".", "{18E40FB7-1B54-4E59-B32B-B756990916A8}"
	ProjectSection(WebsiteProperties) = preProject
		TargetFrameworkMoniker = ".NETFramework,Version%3Dv4.5"
		Debug.AspNetCompiler.VirtualPath = "/localhost_60943"
		Debug.AspNetCompiler.PhysicalPath = "..\SellingToCustomer\"
		Debug.AspNetCompiler.TargetPath = "PrecompiledWeb\localhost_60943\"
		Debug.AspNetCompiler.Updateable = "true"
		Debug.AspNetCompiler.ForceOverwrite = "true"
		Debug.AspNetCompiler.FixedNames = "false"
		Debug.AspNetCompiler.Debug = "True"
		Release.AspNetCompiler.VirtualPath = "/localhost_60943"
		Release.AspNetCompiler.PhysicalPath = "..\SellingToCustomer\"
		Release.AspNetCompiler.TargetPath = "PrecompiledWeb\localhost_60943\"
		Release.AspNetCompiler.Updateable = "true"
		Release.AspNetCompiler.ForceOverwrite = "true"
		Release.AspNetCompiler.FixedNames = "false"
		Release.AspNetCompiler.Debug = "False"
		VWDPort = "60943"
		SlnRelativePath = "..\SellingToCustomer\"
	EndProjectSection
EndProject
Global
	GlobalSection(SolutionConfigurationPlatforms) = preSolution
		Debug|Any CPU = Debug|Any CPU
	EndGlobalSection
	GlobalSection(ProjectConfigurationPlatforms) = postSolution
		{18E40FB7-1B54-4E59-B32B-B756990916A8}.Debug|Any CPU.ActiveCfg = Debug|Any CPU
		{18E40FB7-1B54-4E59-B32B-B756990916A8}.Debug|Any CPU.Build.0 = Debug|Any CPU
	EndGlobalSection
	GlobalSection(SolutionProperties) = preSolution
		HideSolutionNode = FALSE
	EndGlobalSection
	GlobalSection(ExtensibilityGlobals) = postSolution
		SolutionGuid = {A5D909AF-1570-4B6B-B6B1-FB88529F17E4}
	EndGlobalSection
EndGlobal
